// !$*UTF8*$!
{
	archiveVersion = 1;
	classes = {
	};
	objectVersion = 50;
	objects = {

/* Begin PBXBuildFile section */
		C9112DFC235398900094C057 /* opencv2.framework in Frameworks */ = {isa = PBXBuildFile; fileRef = C9112DFB235398900094C057 /* opencv2.framework */; };
		C927DE1B230C200C00045B80 /* AVFoundation.framework in Frameworks */ = {isa = PBXBuildFile; fileRef = C927DE1A230C200C00045B80 /* AVFoundation.framework */; };
		C927DE1D230C201400045B80 /* AssetsLibrary.framework in Frameworks */ = {isa = PBXBuildFile; fileRef = C927DE1C230C201400045B80 /* AssetsLibrary.framework */; };
		C927DE1F230C201E00045B80 /* CoreMedia.framework in Frameworks */ = {isa = PBXBuildFile; fileRef = C927DE1E230C201E00045B80 /* CoreMedia.framework */; };
		C927DE23230C21F500045B80 /* OpenCVManager.mm in Sources */ = {isa = PBXBuildFile; fileRef = C927DE22230C21F500045B80 /* OpenCVManager.mm */; };
		C93325F823034B83007F3F3A /* MNISTLetterClassifer.mlmodel in Sources */ = {isa = PBXBuildFile; fileRef = C93325F723034B83007F3F3A /* MNISTLetterClassifer.mlmodel */; };
		C997849923030F6400FECA7B /* AppDelegate.swift in Sources */ = {isa = PBXBuildFile; fileRef = C997849823030F6400FECA7B /* AppDelegate.swift */; };
		C997849B23030F6400FECA7B /* ViewController.swift in Sources */ = {isa = PBXBuildFile; fileRef = C997849A23030F6400FECA7B /* ViewController.swift */; };
		C997849E23030F6400FECA7B /* Main.storyboard in Resources */ = {isa = PBXBuildFile; fileRef = C997849C23030F6400FECA7B /* Main.storyboard */; };
		C99784A023030F6500FECA7B /* Assets.xcassets in Resources */ = {isa = PBXBuildFile; fileRef = C997849F23030F6500FECA7B /* Assets.xcassets */; };
		C99784A323030F6500FECA7B /* LaunchScreen.storyboard in Resources */ = {isa = PBXBuildFile; fileRef = C99784A123030F6500FECA7B /* LaunchScreen.storyboard */; };
		C99784AB2303115600FECA7B /* DrawView.swift in Sources */ = {isa = PBXBuildFile; fileRef = C99784AA2303115600FECA7B /* DrawView.swift */; };
		C9DAD767230DDFC80098C7AF /* Extensions.swift in Sources */ = {isa = PBXBuildFile; fileRef = C9DAD766230DDFC80098C7AF /* Extensions.swift */; };
/* End PBXBuildFile section */

/* Begin PBXFileReference section */
		C9112DFB235398900094C057 /* opencv2.framework */ = {isa = PBXFileReference; lastKnownFileType = wrapper.framework; path = opencv2.framework; sourceTree = "<group>"; };
		C927DE1A230C200C00045B80 /* AVFoundation.framework */ = {isa = PBXFileReference; lastKnownFileType = wrapper.framework; name = AVFoundation.framework; path = System/Library/Frameworks/AVFoundation.framework; sourceTree = SDKROOT; };
		C927DE1C230C201400045B80 /* AssetsLibrary.framework */ = {isa = PBXFileReference; lastKnownFileType = wrapper.framework; name = AssetsLibrary.framework; path = System/Library/Frameworks/AssetsLibrary.framework; sourceTree = SDKROOT; };
		C927DE1E230C201E00045B80 /* CoreMedia.framework */ = {isa = PBXFileReference; lastKnownFileType = wrapper.framework; name = CoreMedia.framework; path = System/Library/Frameworks/CoreMedia.framework; sourceTree = SDKROOT; };
		C927DE20230C21F400045B80 /* LetterDraw-Bridging-Header.h */ = {isa = PBXFileReference; lastKnownFileType = sourcecode.c.h; path = "LetterDraw-Bridging-Header.h"; sourceTree = "<group>"; };
		C927DE21230C21F500045B80 /* OpenCVManager.h */ = {isa = PBXFileReference; lastKnownFileType = sourcecode.c.h; path = OpenCVManager.h; sourceTree = "<group>"; };
		C927DE22230C21F500045B80 /* OpenCVManager.mm */ = {isa = PBXFileReference; lastKnownFileType = sourcecode.cpp.objcpp; path = OpenCVManager.mm; sourceTree = "<group>"; };
		C93325F723034B83007F3F3A /* MNISTLetterClassifer.mlmodel */ = {isa = PBXFileReference; lastKnownFileType = file.mlmodel; path = MNISTLetterClassifer.mlmodel; sourceTree = "<group>"; };
		C997849523030F6400FECA7B /* LetterDraw.app */ = {isa = PBXFileReference; explicitFileType = wrapper.application; includeInIndex = 0; path = LetterDraw.app; sourceTree = BUILT_PRODUCTS_DIR; };
		C997849823030F6400FECA7B /* AppDelegate.swift */ = {isa = PBXFileReference; lastKnownFileType = sourcecode.swift; path = AppDelegate.swift; sourceTree = "<group>"; };
		C997849A23030F6400FECA7B /* ViewController.swift */ = {isa = PBXFileReference; lastKnownFileType = sourcecode.swift; path = ViewController.swift; sourceTree = "<group>"; };
		C997849D23030F6400FECA7B /* Base */ = {isa = PBXFileReference; lastKnownFileType = file.storyboard; name = Base; path = Base.lproj/Main.storyboard; sourceTree = "<group>"; };
		C997849F23030F6500FECA7B /* Assets.xcassets */ = {isa = PBXFileReference; lastKnownFileType = folder.assetcatalog; path = Assets.xcassets; sourceTree = "<group>"; };
		C99784A223030F6500FECA7B /* Base */ = {isa = PBXFileReference; lastKnownFileType = file.storyboard; name = Base; path = Base.lproj/LaunchScreen.storyboard; sourceTree = "<group>"; };
		C99784A423030F6500FECA7B /* Info.plist */ = {isa = PBXFileReference; lastKnownFileType = text.plist.xml; path = Info.plist; sourceTree = "<group>"; };
		C99784AA2303115600FECA7B /* DrawView.swift */ = {isa = PBXFileReference; fileEncoding = 4; lastKnownFileType = sourcecode.swift; path = DrawView.swift; sourceTree = "<group>"; };
		C9DAD766230DDFC80098C7AF /* Extensions.swift */ = {isa = PBXFileReference; lastKnownFileType = sourcecode.swift; path = Extensions.swift; sourceTree = "<group>"; };
/* End PBXFileReference section */

/* Begin PBXFrameworksBuildPhase section */
		C997849223030F6400FECA7B /* Frameworks */ = {
			isa = PBXFrameworksBuildPhase;
			buildActionMask = 2147483647;
			files = (
				C927DE1F230C201E00045B80 /* CoreMedia.framework in Frameworks */,
				C927DE1D230C201400045B80 /* AssetsLibrary.framework in Frameworks */,
				C9112DFC235398900094C057 /* opencv2.framework in Frameworks */,
				C927DE1B230C200C00045B80 /* AVFoundation.framework in Frameworks */,
			);
			runOnlyForDeploymentPostprocessing = 0;
		};
/* End PBXFrameworksBuildPhase section */

/* Begin PBXGroup section */
		C927DE19230C200C00045B80 /* Frameworks */ = {
			isa = PBXGroup;
			children = (
				C927DE1E230C201E00045B80 /* CoreMedia.framework */,
				C927DE1C230C201400045B80 /* AssetsLibrary.framework */,
				C927DE1A230C200C00045B80 /* AVFoundation.framework */,
			);
			name = Frameworks;
			sourceTree = "<group>";
		};
		C997848C23030F6400FECA7B = {
			isa = PBXGroup;
			children = (
				C997849723030F6400FECA7B /* LetterDraw */,
				C997849623030F6400FECA7B /* Products */,
				C927DE19230C200C00045B80 /* Frameworks */,
			);
			sourceTree = "<group>";
		};
		C997849623030F6400FECA7B /* Products */ = {
			isa = PBXGroup;
			children = (
				C997849523030F6400FECA7B /* LetterDraw.app */,
			);
			name = Products;
			sourceTree = "<group>";
		};
		C997849723030F6400FECA7B /* LetterDraw */ = {
			isa = PBXGroup;
			children = (
				C997849823030F6400FECA7B /* AppDelegate.swift */,
				C997849A23030F6400FECA7B /* ViewController.swift */,
				C99784AA2303115600FECA7B /* DrawView.swift */,
				C997849C23030F6400FECA7B /* Main.storyboard */,
				C997849F23030F6500FECA7B /* Assets.xcassets */,
				C99784A123030F6500FECA7B /* LaunchScreen.storyboard */,
				C99784A423030F6500FECA7B /* Info.plist */,
				C93325F723034B83007F3F3A /* MNISTLetterClassifer.mlmodel */,
				C9112DFB235398900094C057 /* opencv2.framework */,
				C927DE21230C21F500045B80 /* OpenCVManager.h */,
				C927DE22230C21F500045B80 /* OpenCVManager.mm */,
				C927DE20230C21F400045B80 /* LetterDraw-Bridging-Header.h */,
				C9DAD766230DDFC80098C7AF /* Extensions.swift */,
			);
			path = LetterDraw;
			sourceTree = "<group>";
		};
/* End PBXGroup section */

/* Begin PBXNativeTarget section */
		C997849423030F6400FECA7B /* LetterDraw */ = {
			isa = PBXNativeTarget;
			buildConfigurationList = C99784A723030F6500FECA7B /* Build configuration list for PBXNativeTarget "LetterDraw" */;
			buildPhases = (
				C997849123030F6400FECA7B /* Sources */,
				C997849223030F6400FECA7B /* Frameworks */,
				C997849323030F6400FECA7B /* Resources */,
			);
			buildRules = (
			);
			dependencies = (
			);
			name = LetterDraw;
			productName = LetterDraw;
			productReference = C997849523030F6400FECA7B /* LetterDraw.app */;
			productType = "com.apple.product-type.application";
		};
/* End PBXNativeTarget section */

/* Begin PBXProject section */
		C997848D23030F6400FECA7B /* Project object */ = {
			isa = PBXProject;
			attributes = {
				LastSwiftUpdateCheck = 1030;
				LastUpgradeCheck = 1030;
				ORGANIZATIONNAME = "One Stream Ventures";
				TargetAttributes = {
					C997849423030F6400FECA7B = {
						CreatedOnToolsVersion = 10.3;
						LastSwiftMigration = 1030;
					};
				};
			};
			buildConfigurationList = C997849023030F6400FECA7B /* Build configuration list for PBXProject "LetterDraw" */;
			compatibilityVersion = "Xcode 9.3";
			developmentRegion = en;
			hasScannedForEncodings = 0;
			knownRegions = (
				en,
				Base,
			);
			mainGroup = C997848C23030F6400FECA7B;
			productRefGroup = C997849623030F6400FECA7B /* Products */;
			projectDirPath = "";
			projectRoot = "";
			targets = (
				C997849423030F6400FECA7B /* LetterDraw */,
			);
		};
/* End PBXProject section */

/* Begin PBXResourcesBuildPhase section */
		C997849323030F6400FECA7B /* Resources */ = {
			isa = PBXResourcesBuildPhase;
			buildActionMask = 2147483647;
			files = (
				C99784A323030F6500FECA7B /* LaunchScreen.storyboard in Resources */,
				C99784A023030F6500FECA7B /* Assets.xcassets in Resources */,
				C997849E23030F6400FECA7B /* Main.storyboard in Resources */,
			);
			runOnlyForDeploymentPostprocessing = 0;
		};
/* End PBXResourcesBuildPhase section */

/* Begin PBXSourcesBuildPhase section */
		C997849123030F6400FECA7B /* Sources */ = {
			isa = PBXSourcesBuildPhase;
			buildActionMask = 2147483647;
			files = (
				C997849B23030F6400FECA7B /* ViewController.swift in Sources */,
				C9DAD767230DDFC80098C7AF /* Extensions.swift in Sources */,
				C997849923030F6400FECA7B /* AppDelegate.swift in Sources */,
				C927DE23230C21F500045B80 /* OpenCVManager.mm in Sources */,
				C99784AB2303115600FECA7B /* DrawView.swift in Sources */,
				C93325F823034B83007F3F3A /* MNISTLetterClassifer.mlmodel in Sources */,
			);
			runOnlyForDeploymentPostprocessing = 0;
		};
/* End PBXSourcesBuildPhase section */

/* Begin PBXVariantGroup section */
		C997849C23030F6400FECA7B /* Main.storyboard */ = {
			isa = PBXVariantGroup;
			children = (
				C997849D23030F6400FECA7B /* Base */,
			);
			name = Main.storyboard;
			sourceTree = "<group>";
		};
		C99784A123030F6500FECA7B /* LaunchScreen.storyboard */ = {
			isa = PBXVariantGroup;
			children = (
				C99784A223030F6500FECA7B /* Base */,
			);
			name = LaunchScreen.storyboard;
			sourceTree = "<group>";
		};
/* End PBXVariantGroup section */

/* Begin XCBuildConfiguration section */
		C99784A523030F6500FECA7B /* Debug */ = {
			isa = XCBuildConfiguration;
			buildSettings = {
				ALWAYS_SEARCH_USER_PATHS = NO;
				CLANG_ANALYZER_NONNULL = YES;
				CLANG_ANALYZER_NUMBER_OBJECT_CONVERSION = YES_AGGRESSIVE;
				CLANG_CXX_LANGUAGE_STANDARD = "gnu++14";
				CLANG_CXX_LIBRARY = "libc++";
				CLANG_ENABLE_MODULES = YES;
				CLANG_ENABLE_OBJC_ARC = YES;
				CLANG_ENABLE_OBJC_WEAK = YES;
				CLANG_WARN_BLOCK_CAPTURE_AUTORELEASING = YES;
				CLANG_WARN_BOOL_CONVERSION = YES;
				CLANG_WARN_COMMA = YES;
				CLANG_WARN_CONSTANT_CONVERSION = YES;
				CLANG_WARN_DEPRECATED_OBJC_IMPLEMENTATIONS = YES;
				CLANG_WARN_DIRECT_OBJC_ISA_USAGE = YES_ERROR;
				CLANG_WARN_DOCUMENTATION_COMMENTS = YES;
				CLANG_WARN_EMPTY_BODY = YES;
				CLANG_WARN_ENUM_CONVERSION = YES;
				CLANG_WARN_INFINITE_RECURSION = YES;
				CLANG_WARN_INT_CONVERSION = YES;
				CLANG_WARN_NON_LITERAL_NULL_CONVERSION = YES;
				CLANG_WARN_OBJC_IMPLICIT_RETAIN_SELF = YES;
				CLANG_WARN_OBJC_LITERAL_CONVERSION = YES;
				CLANG_WARN_OBJC_ROOT_CLASS = YES_ERROR;
				CLANG_WARN_RANGE_LOOP_ANALYSIS = YES;
				CLANG_WARN_STRICT_PROTOTYPES = YES;
				CLANG_WARN_SUSPICIOUS_MOVE = YES;
				CLANG_WARN_UNGUARDED_AVAILABILITY = YES_AGGRESSIVE;
				CLANG_WARN_UNREACHABLE_CODE = YES;
				CLANG_WARN__DUPLICATE_METHOD_MATCH = YES;
				CODE_SIGN_IDENTITY = "iPhone Developer";
				COPY_PHASE_STRIP = NO;
				DEBUG_INFORMATION_FORMAT = dwarf;
				ENABLE_STRICT_OBJC_MSGSEND = YES;
				ENABLE_TESTABILITY = YES;
				GCC_C_LANGUAGE_STANDARD = gnu11;
				GCC_DYNAMIC_NO_PIC = NO;
				GCC_NO_COMMON_BLOCKS = YES;
				GCC_OPTIMIZATION_LEVEL = 0;
				GCC_PREPROCESSOR_DEFINITIONS = (
					"DEBUG=1",
					"$(inherited)",
				);
				GCC_WARN_64_TO_32_BIT_CONVERSION = YES;
				GCC_WARN_ABOUT_RETURN_TYPE = YES_ERROR;
				GCC_WARN_UNDECLARED_SELECTOR = YES;
				GCC_WARN_UNINITIALIZED_AUTOS = YES_AGGRESSIVE;
				GCC_WARN_UNUSED_FUNCTION = YES;
				GCC_WARN_UNUSED_VARIABLE = YES;
				IPHONEOS_DEPLOYMENT_TARGET = 12.4;
				MTL_ENABLE_DEBUG_INFO = INCLUDE_SOURCE;
				MTL_FAST_MATH = YES;
				ONLY_ACTIVE_ARCH = YES;
				SDKROOT = iphoneos;
				SWIFT_ACTIVE_COMPILATION_CONDITIONS = DEBUG;
				SWIFT_OPTIMIZATION_LEVEL = "-Onone";
			};
			name = Debug;
		};
		C99784A623030F6500FECA7B /* Release */ = {
			isa = XCBuildConfiguration;
			buildSettings = {
				ALWAYS_SEARCH_USER_PATHS = NO;
				CLANG_ANALYZER_NONNULL = YES;
				CLANG_ANALYZER_NUMBER_OBJECT_CONVERSION = YES_AGGRESSIVE;
				CLANG_CXX_LANGUAGE_STANDARD = "gnu++14";
				CLANG_CXX_LIBRARY = "libc++";
				CLANG_ENABLE_MODULES = YES;
				CLANG_ENABLE_OBJC_ARC = YES;
				CLANG_ENABLE_OBJC_WEAK = YES;
				CLANG_WARN_BLOCK_CAPTURE_AUTORELEASING = YES;
				CLANG_WARN_BOOL_CONVERSION = YES;
				CLANG_WARN_COMMA = YES;
				CLANG_WARN_CONSTANT_CONVERSION = YES;
				CLANG_WARN_DEPRECATED_OBJC_IMPLEMENTATIONS = YES;
				CLANG_WARN_DIRECT_OBJC_ISA_USAGE = YES_ERROR;
				CLANG_WARN_DOCUMENTATION_COMMENTS = YES;
				CLANG_WARN_EMPTY_BODY = YES;
				CLANG_WARN_ENUM_CONVERSION = YES;
				CLANG_WARN_INFINITE_RECURSION = YES;
				CLANG_WARN_INT_CONVERSION = YES;
				CLANG_WARN_NON_LITERAL_NULL_CONVERSION = YES;
				CLANG_WARN_OBJC_IMPLICIT_RETAIN_SELF = YES;
				CLANG_WARN_OBJC_LITERAL_CONVERSION = YES;
				CLANG_WARN_OBJC_ROOT_CLASS = YES_ERROR;
				CLANG_WARN_RANGE_LOOP_ANALYSIS = YES;
				CLANG_WARN_STRICT_PROTOTYPES = YES;
				CLANG_WARN_SUSPICIOUS_MOVE = YES;
				CLANG_WARN_UNGUARDED_AVAILABILITY = YES_AGGRESSIVE;
				CLANG_WARN_UNREACHABLE_CODE = YES;
				CLANG_WARN__DUPLICATE_METHOD_MATCH = YES;
				CODE_SIGN_IDENTITY = "iPhone Developer";
				COPY_PHASE_STRIP = NO;
				DEBUG_INFORMATION_FORMAT = "dwarf-with-dsym";
				ENABLE_NS_ASSERTIONS = NO;
				ENABLE_STRICT_OBJC_MSGSEND = YES;
				GCC_C_LANGUAGE_STANDARD = gnu11;
				GCC_NO_COMMON_BLOCKS = YES;
				GCC_WARN_64_TO_32_BIT_CONVERSION = YES;
				GCC_WARN_ABOUT_RETURN_TYPE = YES_ERROR;
				GCC_WARN_UNDECLARED_SELECTOR = YES;
				GCC_WARN_UNINITIALIZED_AUTOS = YES_AGGRESSIVE;
				GCC_WARN_UNUSED_FUNCTION = YES;
				GCC_WARN_UNUSED_VARIABLE = YES;
				IPHONEOS_DEPLOYMENT_TARGET = 12.4;
				MTL_ENABLE_DEBUG_INFO = NO;
				MTL_FAST_MATH = YES;
				SDKROOT = iphoneos;
				SWIFT_COMPILATION_MODE = wholemodule;
				SWIFT_OPTIMIZATION_LEVEL = "-O";
				VALIDATE_PRODUCT = YES;
			};
			name = Release;
		};
		C99784A823030F6500FECA7B /* Debug */ = {
			isa = XCBuildConfiguration;
			buildSettings = {
				ASSETCATALOG_COMPILER_APPICON_NAME = AppIcon;
				CLANG_ENABLE_MODULES = YES;
				CODE_SIGN_STYLE = Automatic;
				DEVELOPMENT_TEAM = 47BH59G3XX;
				FRAMEWORK_SEARCH_PATHS = (
					"$(inherited)",
					"$(PROJECT_DIR)/LetterDraw",
				);
				INFOPLIST_FILE = LetterDraw/Info.plist;
				LD_RUNPATH_SEARCH_PATHS = (
					"$(inherited)",
					"@executable_path/Frameworks",
				);
				PRODUCT_BUNDLE_IDENTIFIER = com.1sv.LetterDraw;
				PRODUCT_NAME = "$(TARGET_NAME)";
				SWIFT_OBJC_BRIDGING_HEADER = "LetterDraw/LetterDraw-Bridging-Header.h";
				SWIFT_OPTIMIZATION_LEVEL = "-Onone";
				SWIFT_VERSION = 5.0;
				TARGETED_DEVICE_FAMILY = "1,2";
			};
			name = Debug;
		};
		C99784A923030F6500FECA7B /* Release */ = {
			isa = XCBuildConfiguration;
			buildSettings = {
				ASSETCATALOG_COMPILER_APPICON_NAME = AppIcon;
				CLANG_ENABLE_MODULES = YES;
				CODE_SIGN_STYLE = Automatic;
				DEVELOPMENT_TEAM = 47BH59G3XX;
				FRAMEWORK_SEARCH_PATHS = (
					"$(inherited)",
					"$(PROJECT_DIR)/LetterDraw",
				);
				INFOPLIST_FILE = LetterDraw/Info.plist;
				LD_RUNPATH_SEARCH_PATHS = (
					"$(inherited)",
					"@executable_path/Frameworks",
				);
				PRODUCT_BUNDLE_IDENTIFIER = com.1sv.LetterDraw;
				PRODUCT_NAME = "$(TARGET_NAME)";
				SWIFT_OBJC_BRIDGING_HEADER = "LetterDraw/LetterDraw-Bridging-Header.h";
				SWIFT_VERSION = 5.0;
				TARGETED_DEVICE_FAMILY = "1,2";
			};
			name = Release;
		};
/* End XCBuildConfiguration section */

/* Begin XCConfigurationList section */
		C997849023030F6400FECA7B /* Build configuration list for PBXProject "LetterDraw" */ = {
			isa = XCConfigurationList;
			buildConfigurations = (
				C99784A523030F6500FECA7B /* Debug */,
				C99784A623030F6500FECA7B /* Release */,
			);
			defaultConfigurationIsVisible = 0;
			defaultConfigurationName = Release;
		};
		C99784A723030F6500FECA7B /* Build configuration list for PBXNativeTarget "LetterDraw" */ = {
			isa = XCConfigurationList;
			buildConfigurations = (
				C99784A823030F6500FECA7B /* Debug */,
				C99784A923030F6500FECA7B /* Release */,
			);
			defaultConfigurationIsVisible = 0;
			defaultConfigurationName = Release;
		};
/* End XCConfigurationList section */
	};
	rootObject = C997848D23030F6400FECA7B /* Project object */;
}
